
Microsoft Visual Studio Solution File, Format Version 12.00
# Visual Studio Version 17
VisualStudioVersion = 17.4.33205.214
MinimumVisualStudioVersion = 10.0.40219.1
Project("{8BC9CEB8-8B4A-11D0-8D11-00A0C91BC942}") = "PlayerStatTest", "PlayerStatTest.vcxproj", "{77D2C110-C35C-44D4-BC4B-2B5F478DA2B0}"
	ProjectSection(ProjectDependencies) = postProject
		{2276B1BB-8437-4581-BBC4-FF62653C8D54} = {2276B1BB-8437-4581-BBC4-FF62653C8D54}
	EndProjectSection
EndProject
Project("{8BC9CEB8-8B4A-11D0-8D11-00A0C91BC942}") = "LabTesting", "..\LabTesting\LabTesting.vcxproj", "{2276B1BB-8437-4581-BBC4-FF62653C8D54}"
EndProject
Global
	GlobalSection(SolutionConfigurationPlatforms) = preSolution
		Debug|x64 = Debug|x64
		Debug|x86 = Debug|x86
		Release|x64 = Release|x64
		Release|x86 = Release|x86
	EndGlobalSection
	GlobalSection(ProjectConfigurationPlatforms) = postSolution
		{77D2C110-C35C-44D4-BC4B-2B5F478DA2B0}.Debug|x64.ActiveCfg = Debug|x64
		{77D2C110-C35C-44D4-BC4B-2B5F478DA2B0}.Debug|x64.Build.0 = Debug|x64
		{77D2C110-C35C-44D4-BC4B-2B5F478DA2B0}.Debug|x86.ActiveCfg = Debug|Win32
		{77D2C110-C35C-44D4-BC4B-2B5F478DA2B0}.Debug|x86.Build.0 = Debug|Win32
		{77D2C110-C35C-44D4-BC4B-2B5F478DA2B0}.Release|x64.ActiveCfg = Release|x64
		{77D2C110-C35C-44D4-BC4B-2B5F478DA2B0}.Release|x64.Build.0 = Release|x64
		{77D2C110-C35C-44D4-BC4B-2B5F478DA2B0}.Release|x86.ActiveCfg = Release|Win32
		{77D2C110-C35C-44D4-BC4B-2B5F478DA2B0}.Release|x86.Build.0 = Release|Win32
		{2276B1BB-8437-4581-BBC4-FF62653C8D54}.Debug|x64.ActiveCfg = Debug|x64
		{2276B1BB-8437-4581-BBC4-FF62653C8D54}.Debug|x64.Build.0 = Debug|x64
		{2276B1BB-8437-4581-BBC4-FF62653C8D54}.Debug|x86.ActiveCfg = Debug|Win32
		{2276B1BB-8437-4581-BBC4-FF62653C8D54}.Debug|x86.Build.0 = Debug|Win32
		{2276B1BB-8437-4581-BBC4-FF62653C8D54}.Release|x64.ActiveCfg = Release|x64
		{2276B1BB-8437-4581-BBC4-FF62653C8D54}.Release|x64.Build.0 = Release|x64
		{2276B1BB-8437-4581-BBC4-FF62653C8D54}.Release|x86.ActiveCfg = Release|Win32
		{2276B1BB-8437-4581-BBC4-FF62653C8D54}.Release|x86.Build.0 = Release|Win32
	EndGlobalSection
	GlobalSection(SolutionProperties) = preSolution
		HideSolutionNode = FALSE
	EndGlobalSection
	GlobalSection(ExtensibilityGlobals) = postSolution
		SolutionGuid = {A5F4B227-6076-4A64-86B5-C644E767AEAA}
	EndGlobalSection
EndGlobal
